{
  "nodes": {
    "arrayfire-haskell": {
      "inputs": {
        "flake-utils": [
          "halide-haskell",
          "flake-utils"
        ],
        "nix-filter": "nix-filter",
        "nixpkgs": [
          "halide-haskell",
          "nixpkgs"
        ]
      },
      "locked": {
        "lastModified": 1704284732,
        "narHash": "sha256-editEH1WQNsOqmGL1Vxbn6I62ZFjPpRcGTNTwdTLKvk=",
        "owner": "twesterhout",
        "repo": "arrayfire-haskell",
        "rev": "79b2519486f409dc14e60b44dc360b430756d9c5",
        "type": "github"
      },
      "original": {
        "owner": "twesterhout",
        "ref": "withDevicePtr",
        "repo": "arrayfire-haskell",
        "type": "github"
      }
    },
    "flake-utils": {
      "inputs": {
        "systems": "systems"
      },
      "locked": {
        "lastModified": 1710146030,
        "narHash": "sha256-SZ5L6eA7HJ/nmkzGG7/ISclqe6oZdOZTNoesiInkXPQ=",
        "owner": "numtide",
        "repo": "flake-utils",
        "rev": "b1d9ab70662946ef0850d488da1c9019f3a9752a",
        "type": "github"
      },
      "original": {
        "owner": "numtide",
        "repo": "flake-utils",
        "type": "github"
      }
    },
    "halide-haskell": {
      "inputs": {
        "arrayfire-haskell": "arrayfire-haskell",
        "flake-utils": [
          "flake-utils"
        ],
        "nixpkgs": [
          "nixpkgs"
        ]
      },
      "locked": {
        "lastModified": 1710761519,
        "narHash": "sha256-URrtlqKO8VG2GicCQj66VL1VCKZnEvbQH/O/GeOW3qQ=",
        "owner": "twesterhout",
        "repo": "halide-haskell",
        "rev": "ffd725d51349122034577a4e69dc6ee28a5c7ef2",
        "type": "github"
      },
      "original": {
        "owner": "twesterhout",
        "ref": "dynamic-dimensions",
        "repo": "halide-haskell",
        "type": "github"
      }
    },
    "haskell-python-tools": {
      "inputs": {
        "nixpkgs": [
          "nixpkgs"
        ]
      },
      "locked": {
        "lastModified": 1710777918,
        "narHash": "sha256-q/vauks9OIUIcihZCOy4L7ZxowG9UAKzdBbyutblMqA=",
        "owner": "twesterhout",
        "repo": "haskell-python-tools.nix",
        "rev": "38f57a10cfdd7d675a205c694ecec42cedb2cce6",
        "type": "github"
      },
      "original": {
        "owner": "twesterhout",
        "repo": "haskell-python-tools.nix",
        "type": "github"
      }
    },
    "nix-chapel": {
      "inputs": {
        "flake-utils": [
          "flake-utils"
        ],
        "nixpkgs": [
          "nixpkgs"
        ]
      },
      "locked": {
        "lastModified": 1707698265,
        "narHash": "sha256-DnjGsIbr8/0CL3KOS51m/UltwWK2w34QmdMCCIZwAMg=",
        "owner": "twesterhout",
        "repo": "nix-chapel",
        "rev": "9bd044d53eb8cb026b342775f441eac5b2d56f93",
        "type": "github"
      },
      "original": {
        "owner": "twesterhout",
        "repo": "nix-chapel",
        "type": "github"
      }
    },
    "nix-filter": {
      "locked": {
        "lastModified": 1701697642,
        "narHash": "sha256-L217WytWZHSY8GW9Gx1A64OnNctbuDbfslaTEofXXRw=",
        "owner": "numtide",
        "repo": "nix-filter",
        "rev": "c843418ecfd0344ecb85844b082ff5675e02c443",
        "type": "github"
      },
      "original": {
        "owner": "numtide",
        "repo": "nix-filter",
        "type": "github"
      }
    },
    "nixpkgs": {
      "locked": {
        "lastModified": 1710631334,
        "narHash": "sha256-rL5LSYd85kplL5othxK5lmAtjyMOBg390sGBTb3LRMM=",
        "owner": "nixos",
        "repo": "nixpkgs",
        "rev": "c75037bbf9093a2acb617804ee46320d6d1fea5a",
        "type": "github"
      },
      "original": {
        "owner": "nixos",
        "ref": "nixos-unstable",
        "repo": "nixpkgs",
        "type": "github"
      }
    },
    "root": {
      "inputs": {
        "flake-utils": "flake-utils",
        "halide-haskell": "halide-haskell",
        "haskell-python-tools": "haskell-python-tools",
        "nix-chapel": "nix-chapel",
        "nixpkgs": "nixpkgs"
      }
    },
    "systems": {
      "locked": {
        "lastModified": 1681028828,
        "narHash": "sha256-Vy1rq5AaRuLzOxct8nz4T6wlgyUR7zLU309k9mBC768=",
        "owner": "nix-systems",
        "repo": "default",
        "rev": "da67096a3b9bf56a91d16901293e51ba5b49a27e",
        "type": "github"
      },
      "original": {
        "owner": "nix-systems",
        "repo": "default",
        "type": "github"
      }
    }
  },
  "root": "root",
  "version": 7
}
