{
  "nodes": {
    "nixpkgs": {
      "locked": {
        "lastModified": 1756125398,
        "narHash": "sha256-XexyKZpf46cMiO5Vbj+dWSAXOnr285GHsMch8FBoHbc=",
        "owner": "nixos",
        "repo": "nixpkgs",
        "rev": "3b9f00d7a7bf68acd4c4abb9d43695afb04e03a5",
        "type": "github"
      },
      "original": {
        "owner": "nixos",
        "ref": "nixos-unstable",
        "repo": "nixpkgs",
        "type": "github"
      }
    },
    "quantum-nix": {
      "inputs": {
        "nixpkgs": "nixpkgs"
      },
      "locked": {
        "lastModified": 1757599837,
        "narHash": "sha256-FvFyrSauIFsIhZ6aQkTDsAflo6Qleip5Rd167nFfpp4=",
        "owner": "twesterhout",
        "repo": "quantum-nix",
        "rev": "490dbfe4785310a7d6ca5ffc772183ddc08b2522",
        "type": "github"
      },
      "original": {
        "owner": "twesterhout",
        "repo": "quantum-nix",
        "type": "github"
      }
    },
    "root": {
      "inputs": {
        "nixpkgs": [
          "quantum-nix",
          "nixpkgs"
        ],
        "quantum-nix": "quantum-nix"
      }
    }
  },
  "root": "root",
  "version": 7
}
