{
  "nodes": {
    "arrayfire-haskell": {
      "inputs": {
        "flake-utils": [
          "halide-haskell",
          "flake-utils"
        ],
        "nix-filter": "nix-filter",
        "nixpkgs": [
          "halide-haskell",
          "nixpkgs"
        ]
      },
      "locked": {
        "lastModified": 1704284732,
        "narHash": "sha256-editEH1WQNsOqmGL1Vxbn6I62ZFjPpRcGTNTwdTLKvk=",
        "owner": "twesterhout",
        "repo": "arrayfire-haskell",
        "rev": "79b2519486f409dc14e60b44dc360b430756d9c5",
        "type": "github"
      },
      "original": {
        "owner": "twesterhout",
        "ref": "withDevicePtr",
        "repo": "arrayfire-haskell",
        "type": "github"
      }
    },
    "flake-utils": {
      "inputs": {
        "systems": "systems"
      },
      "locked": {
        "lastModified": 1705309234,
        "narHash": "sha256-uNRRNRKmJyCRC/8y1RqBkqWBLM034y4qN7EprSdmgyA=",
        "owner": "numtide",
        "repo": "flake-utils",
        "rev": "1ef2e671c3b0c19053962c07dbda38332dcebf26",
        "type": "github"
      },
      "original": {
        "owner": "numtide",
        "repo": "flake-utils",
        "type": "github"
      }
    },
    "halide-haskell": {
      "inputs": {
        "arrayfire-haskell": "arrayfire-haskell",
        "flake-utils": [
          "flake-utils"
        ],
        "nixpkgs": [
          "nixpkgs"
        ]
      },
      "locked": {
        "lastModified": 1707517270,
        "narHash": "sha256-imXnSR+jtMpPB06xZWpeTj+/Td7iK0qylWnE0mWJnT0=",
        "owner": "twesterhout",
        "repo": "halide-haskell",
        "rev": "a577b70a5059ac284effceefab8da4352ba50b4c",
        "type": "github"
      },
      "original": {
        "owner": "twesterhout",
        "ref": "dynamic-dimensions",
        "repo": "halide-haskell",
        "type": "github"
      }
    },
    "haskell-python-tools": {
      "inputs": {
        "nixpkgs": [
          "nixpkgs"
        ]
      },
      "locked": {
        "lastModified": 1708083805,
        "narHash": "sha256-QXuHzSrMHZEJWY8Ce6sDJpsz4wEz8kts3CCb3ifl+uM=",
        "owner": "twesterhout",
        "repo": "haskell-python-tools.nix",
        "rev": "c28350095de6e009e60d7c1e5205990b6194c199",
        "type": "github"
      },
      "original": {
        "owner": "twesterhout",
        "repo": "haskell-python-tools.nix",
        "type": "github"
      }
    },
    "nix-chapel": {
      "inputs": {
        "flake-utils": [
          "flake-utils"
        ],
        "nixpkgs": [
          "nixpkgs"
        ]
      },
      "locked": {
        "lastModified": 1707698265,
        "narHash": "sha256-DnjGsIbr8/0CL3KOS51m/UltwWK2w34QmdMCCIZwAMg=",
        "owner": "twesterhout",
        "repo": "nix-chapel",
        "rev": "9bd044d53eb8cb026b342775f441eac5b2d56f93",
        "type": "github"
      },
      "original": {
        "owner": "twesterhout",
        "repo": "nix-chapel",
        "type": "github"
      }
    },
    "nix-filter": {
      "locked": {
        "lastModified": 1705332318,
        "narHash": "sha256-kcw1yFeJe9N4PjQji9ZeX47jg0p9A0DuU4djKvg1a7I=",
        "owner": "numtide",
        "repo": "nix-filter",
        "rev": "3449dc925982ad46246cfc36469baf66e1b64f17",
        "type": "github"
      },
      "original": {
        "owner": "numtide",
        "repo": "nix-filter",
        "type": "github"
      }
    },
    "nixpkgs": {
      "locked": {
        "lastModified": 1707956935,
        "narHash": "sha256-ZL2TrjVsiFNKOYwYQozpbvQSwvtV/3Me7Zwhmdsfyu4=",
        "owner": "nixos",
        "repo": "nixpkgs",
        "rev": "a4d4fe8c5002202493e87ec8dbc91335ff55552c",
        "type": "github"
      },
      "original": {
        "owner": "nixos",
        "ref": "nixos-unstable",
        "repo": "nixpkgs",
        "type": "github"
      }
    },
    "root": {
      "inputs": {
        "flake-utils": "flake-utils",
        "halide-haskell": "halide-haskell",
        "haskell-python-tools": "haskell-python-tools",
        "nix-chapel": "nix-chapel",
        "nixpkgs": "nixpkgs"
      }
    },
    "systems": {
      "locked": {
        "lastModified": 1681028828,
        "narHash": "sha256-Vy1rq5AaRuLzOxct8nz4T6wlgyUR7zLU309k9mBC768=",
        "owner": "nix-systems",
        "repo": "default",
        "rev": "da67096a3b9bf56a91d16901293e51ba5b49a27e",
        "type": "github"
      },
      "original": {
        "owner": "nix-systems",
        "repo": "default",
        "type": "github"
      }
    }
  },
  "root": "root",
  "version": 7
}
